
Microsoft Visual Studio Solution File, Format Version 11.00
# Visual Studio 2010
Project("{FAE04EC0-301F-11D3-BF4B-00C04F79EFBC}") = "WebApiDemo", "MvcApplication3\WebApiDemo.csproj", "{4771B80A-EB62-4E15-A89B-7D667CAE8F9F}"
EndProject
Project("{FAE04EC0-301F-11D3-BF4B-00C04F79EFBC}") = "MvcApplication3.Tests", "MvcApplication3.Tests\MvcApplication3.Tests.csproj", "{F7015366-9928-4F77-9AEA-2BB9509411CA}"
EndProject
Global
	GlobalSection(SolutionConfigurationPlatforms) = preSolution
		Debug|Any CPU = Debug|Any CPU
		Release|Any CPU = Release|Any CPU
	EndGlobalSection
	GlobalSection(ProjectConfigurationPlatforms) = postSolution
		{4771B80A-EB62-4E15-A89B-7D667CAE8F9F}.Debug|Any CPU.ActiveCfg = Debug|Any CPU
		{4771B80A-EB62-4E15-A89B-7D667CAE8F9F}.Debug|Any CPU.Build.0 = Debug|Any CPU
		{4771B80A-EB62-4E15-A89B-7D667CAE8F9F}.Release|Any CPU.ActiveCfg = Release|Any CPU
		{4771B80A-EB62-4E15-A89B-7D667CAE8F9F}.Release|Any CPU.Build.0 = Release|Any CPU
		{F7015366-9928-4F77-9AEA-2BB9509411CA}.Debug|Any CPU.ActiveCfg = Debug|Any CPU
		{F7015366-9928-4F77-9AEA-2BB9509411CA}.Debug|Any CPU.Build.0 = Debug|Any CPU
		{F7015366-9928-4F77-9AEA-2BB9509411CA}.Release|Any CPU.ActiveCfg = Release|Any CPU
		{F7015366-9928-4F77-9AEA-2BB9509411CA}.Release|Any CPU.Build.0 = Release|Any CPU
	EndGlobalSection
	GlobalSection(SolutionProperties) = preSolution
		HideSolutionNode = FALSE
	EndGlobalSection
EndGlobal
